// !$*UTF8*$!
{
	archiveVersion = 1;
	classes = {
	};
	objectVersion = 55;
	objects = {

/* Begin PBXBuildFile section */
		4275F4FFA6BD4219C4CF8223 /* Pods_TolkienApp.framework in Frameworks */ = {isa = PBXBuildFile; fileRef = 049BEAB46EB3E60D6F903FBB /* Pods_TolkienApp.framework */; };
		864CA1F527D7D9F800383588 /* Networking.swift in Sources */ = {isa = PBXBuildFile; fileRef = 864CA1F427D7D9F800383588 /* Networking.swift */; };
		8685367427CF653800F8B50E /* AppDelegate.swift in Sources */ = {isa = PBXBuildFile; fileRef = 8685367327CF653800F8B50E /* AppDelegate.swift */; };
		8685367627CF653800F8B50E /* SceneDelegate.swift in Sources */ = {isa = PBXBuildFile; fileRef = 8685367527CF653800F8B50E /* SceneDelegate.swift */; };
		8685367827CF653800F8B50E /* ViewController.swift in Sources */ = {isa = PBXBuildFile; fileRef = 8685367727CF653800F8B50E /* ViewController.swift */; };
		8685367B27CF653800F8B50E /* Main.storyboard in Resources */ = {isa = PBXBuildFile; fileRef = 8685367927CF653800F8B50E /* Main.storyboard */; };
		8685367E27CF653800F8B50E /* TolkienApp.xcdatamodeld in Sources */ = {isa = PBXBuildFile; fileRef = 8685367C27CF653800F8B50E /* TolkienApp.xcdatamodeld */; };
		8685368027CF653900F8B50E /* Assets.xcassets in Resources */ = {isa = PBXBuildFile; fileRef = 8685367F27CF653900F8B50E /* Assets.xcassets */; };
		8685368327CF653900F8B50E /* LaunchScreen.storyboard in Resources */ = {isa = PBXBuildFile; fileRef = 8685368127CF653900F8B50E /* LaunchScreen.storyboard */; };
		86FFD3D227DE56F7000DB953 /* BooksData.swift in Sources */ = {isa = PBXBuildFile; fileRef = 86FFD3D127DE56F7000DB953 /* BooksData.swift */; };
		86FFD3D427DEFB29000DB953 /* ChaptersViewController.swift in Sources */ = {isa = PBXBuildFile; fileRef = 86FFD3D327DEFB29000DB953 /* ChaptersViewController.swift */; };
/* End PBXBuildFile section */

/* Begin PBXFileReference section */
		0282A02EA0D58D64C2B8A2E1 /* Pods-TolkienApp.debug.xcconfig */ = {isa = PBXFileReference; includeInIndex = 1; lastKnownFileType = text.xcconfig; name = "Pods-TolkienApp.debug.xcconfig"; path = "Target Support Files/Pods-TolkienApp/Pods-TolkienApp.debug.xcconfig"; sourceTree = "<group>"; };
		049BEAB46EB3E60D6F903FBB /* Pods_TolkienApp.framework */ = {isa = PBXFileReference; explicitFileType = wrapper.framework; includeInIndex = 0; path = Pods_TolkienApp.framework; sourceTree = BUILT_PRODUCTS_DIR; };
		864CA1F427D7D9F800383588 /* Networking.swift */ = {isa = PBXFileReference; lastKnownFileType = sourcecode.swift; path = Networking.swift; sourceTree = "<group>"; };
		8685367027CF653800F8B50E /* TolkienApp.app */ = {isa = PBXFileReference; explicitFileType = wrapper.application; includeInIndex = 0; path = TolkienApp.app; sourceTree = BUILT_PRODUCTS_DIR; };
		8685367327CF653800F8B50E /* AppDelegate.swift */ = {isa = PBXFileReference; lastKnownFileType = sourcecode.swift; path = AppDelegate.swift; sourceTree = "<group>"; };
		8685367527CF653800F8B50E /* SceneDelegate.swift */ = {isa = PBXFileReference; lastKnownFileType = sourcecode.swift; path = SceneDelegate.swift; sourceTree = "<group>"; };
		8685367727CF653800F8B50E /* ViewController.swift */ = {isa = PBXFileReference; lastKnownFileType = sourcecode.swift; path = ViewController.swift; sourceTree = "<group>"; };
		8685367A27CF653800F8B50E /* Base */ = {isa = PBXFileReference; lastKnownFileType = file.storyboard; name = Base; path = Base.lproj/Main.storyboard; sourceTree = "<group>"; };
		8685367D27CF653800F8B50E /* TolkienApp.xcdatamodel */ = {isa = PBXFileReference; lastKnownFileType = wrapper.xcdatamodel; path = TolkienApp.xcdatamodel; sourceTree = "<group>"; };
		8685367F27CF653900F8B50E /* Assets.xcassets */ = {isa = PBXFileReference; lastKnownFileType = folder.assetcatalog; path = Assets.xcassets; sourceTree = "<group>"; };
		8685368227CF653900F8B50E /* Base */ = {isa = PBXFileReference; lastKnownFileType = file.storyboard; name = Base; path = Base.lproj/LaunchScreen.storyboard; sourceTree = "<group>"; };
		8685368427CF653900F8B50E /* Info.plist */ = {isa = PBXFileReference; lastKnownFileType = text.plist.xml; path = Info.plist; sourceTree = "<group>"; };
		86FFD3D127DE56F7000DB953 /* BooksData.swift */ = {isa = PBXFileReference; lastKnownFileType = sourcecode.swift; path = BooksData.swift; sourceTree = "<group>"; };
		86FFD3D327DEFB29000DB953 /* ChaptersViewController.swift */ = {isa = PBXFileReference; lastKnownFileType = sourcecode.swift; path = ChaptersViewController.swift; sourceTree = "<group>"; };
		D32611BBE6599C4495D353DA /* Pods-TolkienApp.release.xcconfig */ = {isa = PBXFileReference; includeInIndex = 1; lastKnownFileType = text.xcconfig; name = "Pods-TolkienApp.release.xcconfig"; path = "Target Support Files/Pods-TolkienApp/Pods-TolkienApp.release.xcconfig"; sourceTree = "<group>"; };
/* End PBXFileReference section */

/* Begin PBXFrameworksBuildPhase section */
		8685366D27CF653800F8B50E /* Frameworks */ = {
			isa = PBXFrameworksBuildPhase;
			buildActionMask = 2147483647;
			files = (
				4275F4FFA6BD4219C4CF8223 /* Pods_TolkienApp.framework in Frameworks */,
			);
			runOnlyForDeploymentPostprocessing = 0;
		};
/* End PBXFrameworksBuildPhase section */

/* Begin PBXGroup section */
		61E008B07A7D4D93F84150F9 /* Pods */ = {
			isa = PBXGroup;
			children = (
				0282A02EA0D58D64C2B8A2E1 /* Pods-TolkienApp.debug.xcconfig */,
				D32611BBE6599C4495D353DA /* Pods-TolkienApp.release.xcconfig */,
			);
			path = Pods;
			sourceTree = "<group>";
		};
		8685366727CF653800F8B50E = {
			isa = PBXGroup;
			children = (
				8685367227CF653800F8B50E /* TolkienApp */,
				8685367127CF653800F8B50E /* Products */,
				61E008B07A7D4D93F84150F9 /* Pods */,
				A2BB26E3E72D8CE15665B956 /* Frameworks */,
			);
			sourceTree = "<group>";
		};
		8685367127CF653800F8B50E /* Products */ = {
			isa = PBXGroup;
			children = (
				8685367027CF653800F8B50E /* TolkienApp.app */,
			);
			name = Products;
			sourceTree = "<group>";
		};
		8685367227CF653800F8B50E /* TolkienApp */ = {
			isa = PBXGroup;
			children = (
				8685367327CF653800F8B50E /* AppDelegate.swift */,
				8685367527CF653800F8B50E /* SceneDelegate.swift */,
				8685367727CF653800F8B50E /* ViewController.swift */,
				86FFD3D327DEFB29000DB953 /* ChaptersViewController.swift */,
				864CA1F427D7D9F800383588 /* Networking.swift */,
				86FFD3D127DE56F7000DB953 /* BooksData.swift */,
				8685367927CF653800F8B50E /* Main.storyboard */,
				8685367F27CF653900F8B50E /* Assets.xcassets */,
				8685368127CF653900F8B50E /* LaunchScreen.storyboard */,
				8685368427CF653900F8B50E /* Info.plist */,
				8685367C27CF653800F8B50E /* TolkienApp.xcdatamodeld */,
			);
			path = TolkienApp;
			sourceTree = "<group>";
		};
		A2BB26E3E72D8CE15665B956 /* Frameworks */ = {
			isa = PBXGroup;
			children = (
				049BEAB46EB3E60D6F903FBB /* Pods_TolkienApp.framework */,
			);
			name = Frameworks;
			sourceTree = "<group>";
		};
/* End PBXGroup section */

/* Begin PBXNativeTarget section */
		8685366F27CF653800F8B50E /* TolkienApp */ = {
			isa = PBXNativeTarget;
			buildConfigurationList = 8685368727CF653900F8B50E /* Build configuration list for PBXNativeTarget "TolkienApp" */;
			buildPhases = (
				815C56913CBAAACD8A6E57D1 /* [CP] Check Pods Manifest.lock */,
				8685366C27CF653800F8B50E /* Sources */,
				8685366D27CF653800F8B50E /* Frameworks */,
				8685366E27CF653800F8B50E /* Resources */,
				1CA040543E2110DDEB15D3D3 /* [CP] Embed Pods Frameworks */,
			);
			buildRules = (
			);
			dependencies = (
			);
			name = TolkienApp;
			productName = TolkienApp;
			productReference = 8685367027CF653800F8B50E /* TolkienApp.app */;
			productType = "com.apple.product-type.application";
		};
/* End PBXNativeTarget section */

/* Begin PBXProject section */
		8685366827CF653800F8B50E /* Project object */ = {
			isa = PBXProject;
			attributes = {
				BuildIndependentTargetsInParallel = 1;
				LastSwiftUpdateCheck = 1320;
				LastUpgradeCheck = 1320;
				TargetAttributes = {
					8685366F27CF653800F8B50E = {
						CreatedOnToolsVersion = 13.2.1;
					};
				};
			};
			buildConfigurationList = 8685366B27CF653800F8B50E /* Build configuration list for PBXProject "TolkienApp" */;
			compatibilityVersion = "Xcode 13.0";
			developmentRegion = en;
			hasScannedForEncodings = 0;
			knownRegions = (
				en,
				Base,
			);
			mainGroup = 8685366727CF653800F8B50E;
			productRefGroup = 8685367127CF653800F8B50E /* Products */;
			projectDirPath = "";
			projectRoot = "";
			targets = (
				8685366F27CF653800F8B50E /* TolkienApp */,
			);
		};
/* End PBXProject section */

/* Begin PBXResourcesBuildPhase section */
		8685366E27CF653800F8B50E /* Resources */ = {
			isa = PBXResourcesBuildPhase;
			buildActionMask = 2147483647;
			files = (
				8685368327CF653900F8B50E /* LaunchScreen.storyboard in Resources */,
				8685368027CF653900F8B50E /* Assets.xcassets in Resources */,
				8685367B27CF653800F8B50E /* Main.storyboard in Resources */,
			);
			runOnlyForDeploymentPostprocessing = 0;
		};
/* End PBXResourcesBuildPhase section */

/* Begin PBXShellScriptBuildPhase section */
		1CA040543E2110DDEB15D3D3 /* [CP] Embed Pods Frameworks */ = {
			isa = PBXShellScriptBuildPhase;
			buildActionMask = 2147483647;
			files = (
			);
			inputFileListPaths = (
				"${PODS_ROOT}/Target Support Files/Pods-TolkienApp/Pods-TolkienApp-frameworks-${CONFIGURATION}-input-files.xcfilelist",
			);
			name = "[CP] Embed Pods Frameworks";
			outputFileListPaths = (
				"${PODS_ROOT}/Target Support Files/Pods-TolkienApp/Pods-TolkienApp-frameworks-${CONFIGURATION}-output-files.xcfilelist",
			);
			runOnlyForDeploymentPostprocessing = 0;
			shellPath = /bin/sh;
			shellScript = "\"${PODS_ROOT}/Target Support Files/Pods-TolkienApp/Pods-TolkienApp-frameworks.sh\"\n";
			showEnvVarsInLog = 0;
		};
		815C56913CBAAACD8A6E57D1 /* [CP] Check Pods Manifest.lock */ = {
			isa = PBXShellScriptBuildPhase;
			buildActionMask = 2147483647;
			files = (
			);
			inputFileListPaths = (
			);
			inputPaths = (
				"${PODS_PODFILE_DIR_PATH}/Podfile.lock",
				"${PODS_ROOT}/Manifest.lock",
			);
			name = "[CP] Check Pods Manifest.lock";
			outputFileListPaths = (
			);
			outputPaths = (
				"$(DERIVED_FILE_DIR)/Pods-TolkienApp-checkManifestLockResult.txt",
			);
			runOnlyForDeploymentPostprocessing = 0;
			shellPath = /bin/sh;
			shellScript = "diff \"${PODS_PODFILE_DIR_PATH}/Podfile.lock\" \"${PODS_ROOT}/Manifest.lock\" > /dev/null\nif [ $? != 0 ] ; then\n    # print error to STDERR\n    echo \"error: The sandbox is not in sync with the Podfile.lock. Run 'pod install' or update your CocoaPods installation.\" >&2\n    exit 1\nfi\n# This output is used by Xcode 'outputs' to avoid re-running this script phase.\necho \"SUCCESS\" > \"${SCRIPT_OUTPUT_FILE_0}\"\n";
			showEnvVarsInLog = 0;
		};
/* End PBXShellScriptBuildPhase section */

/* Begin PBXSourcesBuildPhase section */
		8685366C27CF653800F8B50E /* Sources */ = {
			isa = PBXSourcesBuildPhase;
			buildActionMask = 2147483647;
			files = (
				86FFD3D427DEFB29000DB953 /* ChaptersViewController.swift in Sources */,
				86FFD3D227DE56F7000DB953 /* BooksData.swift in Sources */,
				864CA1F527D7D9F800383588 /* Networking.swift in Sources */,
				8685367827CF653800F8B50E /* ViewController.swift in Sources */,
				8685367427CF653800F8B50E /* AppDelegate.swift in Sources */,
				8685367E27CF653800F8B50E /* TolkienApp.xcdatamodeld in Sources */,
				8685367627CF653800F8B50E /* SceneDelegate.swift in Sources */,
			);
			runOnlyForDeploymentPostprocessing = 0;
		};
/* End PBXSourcesBuildPhase section */

/* Begin PBXVariantGroup section */
		8685367927CF653800F8B50E /* Main.storyboard */ = {
			isa = PBXVariantGroup;
			children = (
				8685367A27CF653800F8B50E /* Base */,
			);
			name = Main.storyboard;
			sourceTree = "<group>";
		};
		8685368127CF653900F8B50E /* LaunchScreen.storyboard */ = {
			isa = PBXVariantGroup;
			children = (
				8685368227CF653900F8B50E /* Base */,
			);
			name = LaunchScreen.storyboard;
			sourceTree = "<group>";
		};
/* End PBXVariantGroup section */

/* Begin XCBuildConfiguration section */
		8685368527CF653900F8B50E /* Debug */ = {
			isa = XCBuildConfiguration;
			buildSettings = {
				ALWAYS_SEARCH_USER_PATHS = NO;
				CLANG_ANALYZER_NONNULL = YES;
				CLANG_ANALYZER_NUMBER_OBJECT_CONVERSION = YES_AGGRESSIVE;
				CLANG_CXX_LANGUAGE_STANDARD = "gnu++17";
				CLANG_CXX_LIBRARY = "libc++";
				CLANG_ENABLE_MODULES = YES;
				CLANG_ENABLE_OBJC_ARC = YES;
				CLANG_ENABLE_OBJC_WEAK = YES;
				CLANG_WARN_BLOCK_CAPTURE_AUTORELEASING = YES;
				CLANG_WARN_BOOL_CONVERSION = YES;
				CLANG_WARN_COMMA = YES;
				CLANG_WARN_CONSTANT_CONVERSION = YES;
				CLANG_WARN_DEPRECATED_OBJC_IMPLEMENTATIONS = YES;
				CLANG_WARN_DIRECT_OBJC_ISA_USAGE = YES_ERROR;
				CLANG_WARN_DOCUMENTATION_COMMENTS = YES;
				CLANG_WARN_EMPTY_BODY = YES;
				CLANG_WARN_ENUM_CONVERSION = YES;
				CLANG_WARN_INFINITE_RECURSION = YES;
				CLANG_WARN_INT_CONVERSION = YES;
				CLANG_WARN_NON_LITERAL_NULL_CONVERSION = YES;
				CLANG_WARN_OBJC_IMPLICIT_RETAIN_SELF = YES;
				CLANG_WARN_OBJC_LITERAL_CONVERSION = YES;
				CLANG_WARN_OBJC_ROOT_CLASS = YES_ERROR;
				CLANG_WARN_QUOTED_INCLUDE_IN_FRAMEWORK_HEADER = YES;
				CLANG_WARN_RANGE_LOOP_ANALYSIS = YES;
				CLANG_WARN_STRICT_PROTOTYPES = YES;
				CLANG_WARN_SUSPICIOUS_MOVE = YES;
				CLANG_WARN_UNGUARDED_AVAILABILITY = YES_AGGRESSIVE;
				CLANG_WARN_UNREACHABLE_CODE = YES;
				CLANG_WARN__DUPLICATE_METHOD_MATCH = YES;
				COPY_PHASE_STRIP = NO;
				DEBUG_INFORMATION_FORMAT = dwarf;
				ENABLE_STRICT_OBJC_MSGSEND = YES;
				ENABLE_TESTABILITY = YES;
				GCC_C_LANGUAGE_STANDARD = gnu11;
				GCC_DYNAMIC_NO_PIC = NO;
				GCC_NO_COMMON_BLOCKS = YES;
				GCC_OPTIMIZATION_LEVEL = 0;
				GCC_PREPROCESSOR_DEFINITIONS = (
					"DEBUG=1",
					"$(inherited)",
				);
				GCC_WARN_64_TO_32_BIT_CONVERSION = YES;
				GCC_WARN_ABOUT_RETURN_TYPE = YES_ERROR;
				GCC_WARN_UNDECLARED_SELECTOR = YES;
				GCC_WARN_UNINITIALIZED_AUTOS = YES_AGGRESSIVE;
				GCC_WARN_UNUSED_FUNCTION = YES;
				GCC_WARN_UNUSED_VARIABLE = YES;
				IPHONEOS_DEPLOYMENT_TARGET = 15.2;
				MTL_ENABLE_DEBUG_INFO = INCLUDE_SOURCE;
				MTL_FAST_MATH = YES;
				ONLY_ACTIVE_ARCH = YES;
				SDKROOT = iphoneos;
				SWIFT_ACTIVE_COMPILATION_CONDITIONS = DEBUG;
				SWIFT_OPTIMIZATION_LEVEL = "-Onone";
			};
			name = Debug;
		};
		8685368627CF653900F8B50E /* Release */ = {
			isa = XCBuildConfiguration;
			buildSettings = {
				ALWAYS_SEARCH_USER_PATHS = NO;
				CLANG_ANALYZER_NONNULL = YES;
				CLANG_ANALYZER_NUMBER_OBJECT_CONVERSION = YES_AGGRESSIVE;
				CLANG_CXX_LANGUAGE_STANDARD = "gnu++17";
				CLANG_CXX_LIBRARY = "libc++";
				CLANG_ENABLE_MODULES = YES;
				CLANG_ENABLE_OBJC_ARC = YES;
				CLANG_ENABLE_OBJC_WEAK = YES;
				CLANG_WARN_BLOCK_CAPTURE_AUTORELEASING = YES;
				CLANG_WARN_BOOL_CONVERSION = YES;
				CLANG_WARN_COMMA = YES;
				CLANG_WARN_CONSTANT_CONVERSION = YES;
				CLANG_WARN_DEPRECATED_OBJC_IMPLEMENTATIONS = YES;
				CLANG_WARN_DIRECT_OBJC_ISA_USAGE = YES_ERROR;
				CLANG_WARN_DOCUMENTATION_COMMENTS = YES;
				CLANG_WARN_EMPTY_BODY = YES;
				CLANG_WARN_ENUM_CONVERSION = YES;
				CLANG_WARN_INFINITE_RECURSION = YES;
				CLANG_WARN_INT_CONVERSION = YES;
				CLANG_WARN_NON_LITERAL_NULL_CONVERSION = YES;
				CLANG_WARN_OBJC_IMPLICIT_RETAIN_SELF = YES;
				CLANG_WARN_OBJC_LITERAL_CONVERSION = YES;
				CLANG_WARN_OBJC_ROOT_CLASS = YES_ERROR;
				CLANG_WARN_QUOTED_INCLUDE_IN_FRAMEWORK_HEADER = YES;
				CLANG_WARN_RANGE_LOOP_ANALYSIS = YES;
				CLANG_WARN_STRICT_PROTOTYPES = YES;
				CLANG_WARN_SUSPICIOUS_MOVE = YES;
				CLANG_WARN_UNGUARDED_AVAILABILITY = YES_AGGRESSIVE;
				CLANG_WARN_UNREACHABLE_CODE = YES;
				CLANG_WARN__DUPLICATE_METHOD_MATCH = YES;
				COPY_PHASE_STRIP = NO;
				DEBUG_INFORMATION_FORMAT = "dwarf-with-dsym";
				ENABLE_NS_ASSERTIONS = NO;
				ENABLE_STRICT_OBJC_MSGSEND = YES;
				GCC_C_LANGUAGE_STANDARD = gnu11;
				GCC_NO_COMMON_BLOCKS = YES;
				GCC_WARN_64_TO_32_BIT_CONVERSION = YES;
				GCC_WARN_ABOUT_RETURN_TYPE = YES_ERROR;
				GCC_WARN_UNDECLARED_SELECTOR = YES;
				GCC_WARN_UNINITIALIZED_AUTOS = YES_AGGRESSIVE;
				GCC_WARN_UNUSED_FUNCTION = YES;
				GCC_WARN_UNUSED_VARIABLE = YES;
				IPHONEOS_DEPLOYMENT_TARGET = 15.2;
				MTL_ENABLE_DEBUG_INFO = NO;
				MTL_FAST_MATH = YES;
				SDKROOT = iphoneos;
				SWIFT_COMPILATION_MODE = wholemodule;
				SWIFT_OPTIMIZATION_LEVEL = "-O";
				VALIDATE_PRODUCT = YES;
			};
			name = Release;
		};
		8685368827CF653900F8B50E /* Debug */ = {
			isa = XCBuildConfiguration;
			baseConfigurationReference = 0282A02EA0D58D64C2B8A2E1 /* Pods-TolkienApp.debug.xcconfig */;
			buildSettings = {
				ASSETCATALOG_COMPILER_APPICON_NAME = AppIcon;
				ASSETCATALOG_COMPILER_GLOBAL_ACCENT_COLOR_NAME = AccentColor;
				CODE_SIGN_STYLE = Automatic;
				CURRENT_PROJECT_VERSION = 1;
				GENERATE_INFOPLIST_FILE = YES;
				INFOPLIST_FILE = TolkienApp/Info.plist;
				INFOPLIST_KEY_UIApplicationSupportsIndirectInputEvents = YES;
				INFOPLIST_KEY_UILaunchStoryboardName = LaunchScreen;
				INFOPLIST_KEY_UIMainStoryboardFile = Main;
				INFOPLIST_KEY_UISupportedInterfaceOrientations_iPad = "UIInterfaceOrientationPortrait UIInterfaceOrientationPortraitUpsideDown UIInterfaceOrientationLandscapeLeft UIInterfaceOrientationLandscapeRight";
				INFOPLIST_KEY_UISupportedInterfaceOrientations_iPhone = "UIInterfaceOrientationPortrait UIInterfaceOrientationLandscapeLeft UIInterfaceOrientationLandscapeRight";
				LD_RUNPATH_SEARCH_PATHS = (
					"$(inherited)",
					"@executable_path/Frameworks",
				);
				MARKETING_VERSION = 1.0;
				PRODUCT_BUNDLE_IDENTIFIER = MyOrg.TolkienApp;
				PRODUCT_NAME = "$(TARGET_NAME)";
				SWIFT_EMIT_LOC_STRINGS = YES;
				SWIFT_VERSION = 5.0;
				TARGETED_DEVICE_FAMILY = "1,2";
			};
			name = Debug;
		};
		8685368927CF653900F8B50E /* Release */ = {
			isa = XCBuildConfiguration;
			baseConfigurationReference = D32611BBE6599C4495D353DA /* Pods-TolkienApp.release.xcconfig */;
			buildSettings = {
				ASSETCATALOG_COMPILER_APPICON_NAME = AppIcon;
				ASSETCATALOG_COMPILER_GLOBAL_ACCENT_COLOR_NAME = AccentColor;
				CODE_SIGN_STYLE = Automatic;
				CURRENT_PROJECT_VERSION = 1;
				GENERATE_INFOPLIST_FILE = YES;
				INFOPLIST_FILE = TolkienApp/Info.plist;
				INFOPLIST_KEY_UIApplicationSupportsIndirectInputEvents = YES;
				INFOPLIST_KEY_UILaunchStoryboardName = LaunchScreen;
				INFOPLIST_KEY_UIMainStoryboardFile = Main;
				INFOPLIST_KEY_UISupportedInterfaceOrientations_iPad = "UIInterfaceOrientationPortrait UIInterfaceOrientationPortraitUpsideDown UIInterfaceOrientationLandscapeLeft UIInterfaceOrientationLandscapeRight";
				INFOPLIST_KEY_UISupportedInterfaceOrientations_iPhone = "UIInterfaceOrientationPortrait UIInterfaceOrientationLandscapeLeft UIInterfaceOrientationLandscapeRight";
				LD_RUNPATH_SEARCH_PATHS = (
					"$(inherited)",
					"@executable_path/Frameworks",
				);
				MARKETING_VERSION = 1.0;
				PRODUCT_BUNDLE_IDENTIFIER = MyOrg.TolkienApp;
				PRODUCT_NAME = "$(TARGET_NAME)";
				SWIFT_EMIT_LOC_STRINGS = YES;
				SWIFT_VERSION = 5.0;
				TARGETED_DEVICE_FAMILY = "1,2";
			};
			name = Release;
		};
/* End XCBuildConfiguration section */

/* Begin XCConfigurationList section */
		8685366B27CF653800F8B50E /* Build configuration list for PBXProject "TolkienApp" */ = {
			isa = XCConfigurationList;
			buildConfigurations = (
				8685368527CF653900F8B50E /* Debug */,
				8685368627CF653900F8B50E /* Release */,
			);
			defaultConfigurationIsVisible = 0;
			defaultConfigurationName = Release;
		};
		8685368727CF653900F8B50E /* Build configuration list for PBXNativeTarget "TolkienApp" */ = {
			isa = XCConfigurationList;
			buildConfigurations = (
				8685368827CF653900F8B50E /* Debug */,
				8685368927CF653900F8B50E /* Release */,
			);
			defaultConfigurationIsVisible = 0;
			defaultConfigurationName = Release;
		};
/* End XCConfigurationList section */

/* Begin XCVersionGroup section */
		8685367C27CF653800F8B50E /* TolkienApp.xcdatamodeld */ = {
			isa = XCVersionGroup;
			children = (
				8685367D27CF653800F8B50E /* TolkienApp.xcdatamodel */,
			);
			currentVersion = 8685367D27CF653800F8B50E /* TolkienApp.xcdatamodel */;
			path = TolkienApp.xcdatamodeld;
			sourceTree = "<group>";
			versionGroupType = wrapper.xcdatamodel;
		};
/* End XCVersionGroup section */
	};
	rootObject = 8685366827CF653800F8B50E /* Project object */;
}
